
Microsoft Visual Studio Solution File, Format Version 12.00
# Visual Studio Version 17
VisualStudioVersion = 17.11.35327.3
MinimumVisualStudioVersion = 10.0.40219.1
Project("{FAE04EC0-301F-11D3-BF4B-00C04F79EFBC}") = "EndV", "EndV\EndV.csproj", "{E1274E63-47F0-4C02-B074-FCC57AD983FE}"
EndProject
Global
	GlobalSection(SolutionConfigurationPlatforms) = preSolution
		Debug|Any CPU = Debug|Any CPU
		Release|Any CPU = Release|Any CPU
	EndGlobalSection
	GlobalSection(ProjectConfigurationPlatforms) = postSolution
		{E1274E63-47F0-4C02-B074-FCC57AD983FE}.Debug|Any CPU.ActiveCfg = Debug|Any CPU
		{E1274E63-47F0-4C02-B074-FCC57AD983FE}.Debug|Any CPU.Build.0 = Debug|Any CPU
		{E1274E63-47F0-4C02-B074-FCC57AD983FE}.Release|Any CPU.ActiveCfg = Release|Any CPU
		{E1274E63-47F0-4C02-B074-FCC57AD983FE}.Release|Any CPU.Build.0 = Release|Any CPU
	EndGlobalSection
	GlobalSection(SolutionProperties) = preSolution
		HideSolutionNode = FALSE
	EndGlobalSection
	GlobalSection(ExtensibilityGlobals) = postSolution
		SolutionGuid = {C7D52AAE-9D7B-4561-B4E3-602B085E4A73}
	EndGlobalSection
EndGlobal
